<Solution>
  <Folder Name="/src/">
    <Project Path="src/SalgaFacil.Domain/SalgaFacil.Domain.csproj" />
    <Project Path="src/SalgaFacil.Infrastructure/SalgaFacil.Infrastructure.csproj" />
    <Project Path="src/SalgaFacil.Web/SalgaFacil.Web.csproj" />
    <Project Path="src/SalgaFacil.Desktop/SalgaFacil.Desktop.csproj" />
    <Project Path="src/SalgaFacil.Tests/SalgaFacil.Tests.csproj" />
  </Folder>
</Solution>
